
Microsoft Visual Studio Solution File, Format Version 12.00
# Visual Studio 15
VisualStudioVersion = 15.0.27004.2002
MinimumVisualStudioVersion = 10.0.40219.1
Project("{FAE04EC0-301F-11D3-BF4B-00C04F79EFBC}") = "RealmXF.Android", "RealmXF\RealmXF.Android\RealmXF.Android.csproj", "{606302A9-1515-40A7-A3DA-735BBDC98C72}"
EndProject
Project("{FAE04EC0-301F-11D3-BF4B-00C04F79EFBC}") = "RealmXF", "RealmXF\RealmXF\RealmXF.csproj", "{0EF3E52C-E025-40ED-935E-5D14FF643585}"
EndProject
Project("{FAE04EC0-301F-11D3-BF4B-00C04F79EFBC}") = "RealmXF.UWP", "RealmXF\RealmXF.UWP\RealmXF.UWP.csproj", "{CED7B4CB-81C7-4F82-9ADA-3E5C86A9D407}"
EndProject
Project("{FAE04EC0-301F-11D3-BF4B-00C04F79EFBC}") = "RealmXF.iOS", "RealmXF\RealmXF.iOS\RealmXF.iOS.csproj", "{47204B52-BFA3-4324-80E8-025D3F897CDC}"
EndProject
Global
	GlobalSection(SolutionConfigurationPlatforms) = preSolution
		Ad-Hoc|Any CPU = Ad-Hoc|Any CPU
		Ad-Hoc|ARM = Ad-Hoc|ARM
		Ad-Hoc|iPhone = Ad-Hoc|iPhone
		Ad-Hoc|iPhoneSimulator = Ad-Hoc|iPhoneSimulator
		Ad-Hoc|x64 = Ad-Hoc|x64
		Ad-Hoc|x86 = Ad-Hoc|x86
		AppStore|Any CPU = AppStore|Any CPU
		AppStore|ARM = AppStore|ARM
		AppStore|iPhone = AppStore|iPhone
		AppStore|iPhoneSimulator = AppStore|iPhoneSimulator
		AppStore|x64 = AppStore|x64
		AppStore|x86 = AppStore|x86
		Debug|Any CPU = Debug|Any CPU
		Debug|ARM = Debug|ARM
		Debug|iPhone = Debug|iPhone
		Debug|iPhoneSimulator = Debug|iPhoneSimulator
		Debug|x64 = Debug|x64
		Debug|x86 = Debug|x86
		Release|Any CPU = Release|Any CPU
		Release|ARM = Release|ARM
		Release|iPhone = Release|iPhone
		Release|iPhoneSimulator = Release|iPhoneSimulator
		Release|x64 = Release|x64
		Release|x86 = Release|x86
	EndGlobalSection
	GlobalSection(ProjectConfigurationPlatforms) = postSolution
		{606302A9-1515-40A7-A3DA-735BBDC98C72}.Ad-Hoc|Any CPU.ActiveCfg = Release|Any CPU
		{606302A9-1515-40A7-A3DA-735BBDC98C72}.Ad-Hoc|Any CPU.Build.0 = Release|Any CPU
		{606302A9-1515-40A7-A3DA-735BBDC98C72}.Ad-Hoc|Any CPU.Deploy.0 = Release|Any CPU
		{606302A9-1515-40A7-A3DA-735BBDC98C72}.Ad-Hoc|ARM.ActiveCfg = Release|Any CPU
		{606302A9-1515-40A7-A3DA-735BBDC98C72}.Ad-Hoc|ARM.Build.0 = Release|Any CPU
		{606302A9-1515-40A7-A3DA-735BBDC98C72}.Ad-Hoc|ARM.Deploy.0 = Release|Any CPU
		{606302A9-1515-40A7-A3DA-735BBDC98C72}.Ad-Hoc|iPhone.ActiveCfg = Release|Any CPU
		{606302A9-1515-40A7-A3DA-735BBDC98C72}.Ad-Hoc|iPhone.Build.0 = Release|Any CPU
		{606302A9-1515-40A7-A3DA-735BBDC98C72}.Ad-Hoc|iPhone.Deploy.0 = Release|Any CPU
		{606302A9-1515-40A7-A3DA-735BBDC98C72}.Ad-Hoc|iPhoneSimulator.ActiveCfg = Release|Any CPU
		{606302A9-1515-40A7-A3DA-735BBDC98C72}.Ad-Hoc|iPhoneSimulator.Build.0 = Release|Any CPU
		{606302A9-1515-40A7-A3DA-735BBDC98C72}.Ad-Hoc|iPhoneSimulator.Deploy.0 = Release|Any CPU
		{606302A9-1515-40A7-A3DA-735BBDC98C72}.Ad-Hoc|x64.ActiveCfg = Release|Any CPU
		{606302A9-1515-40A7-A3DA-735BBDC98C72}.Ad-Hoc|x64.Build.0 = Release|Any CPU
		{606302A9-1515-40A7-A3DA-735BBDC98C72}.Ad-Hoc|x64.Deploy.0 = Release|Any CPU
		{606302A9-1515-40A7-A3DA-735BBDC98C72}.Ad-Hoc|x86.ActiveCfg = Release|Any CPU
		{606302A9-1515-40A7-A3DA-735BBDC98C72}.Ad-Hoc|x86.Build.0 = Release|Any CPU
		{606302A9-1515-40A7-A3DA-735BBDC98C72}.Ad-Hoc|x86.Deploy.0 = Release|Any CPU
		{606302A9-1515-40A7-A3DA-735BBDC98C72}.AppStore|Any CPU.ActiveCfg = Release|Any CPU
		{606302A9-1515-40A7-A3DA-735BBDC98C72}.AppStore|Any CPU.Build.0 = Release|Any CPU
		{606302A9-1515-40A7-A3DA-735BBDC98C72}.AppStore|Any CPU.Deploy.0 = Release|Any CPU
		{606302A9-1515-40A7-A3DA-735BBDC98C72}.AppStore|ARM.ActiveCfg = Release|Any CPU
		{606302A9-1515-40A7-A3DA-735BBDC98C72}.AppStore|ARM.Build.0 = Release|Any CPU
		{606302A9-1515-40A7-A3DA-735BBDC98C72}.AppStore|ARM.Deploy.0 = Release|Any CPU
		{606302A9-1515-40A7-A3DA-735BBDC98C72}.AppStore|iPhone.ActiveCfg = Release|Any CPU
		{606302A9-1515-40A7-A3DA-735BBDC98C72}.AppStore|iPhone.Build.0 = Release|Any CPU
		{606302A9-1515-40A7-A3DA-735BBDC98C72}.AppStore|iPhone.Deploy.0 = Release|Any CPU
		{606302A9-1515-40A7-A3DA-735BBDC98C72}.AppStore|iPhoneSimulator.ActiveCfg = Release|Any CPU
		{606302A9-1515-40A7-A3DA-735BBDC98C72}.AppStore|iPhoneSimulator.Build.0 = Release|Any CPU
		{606302A9-1515-40A7-A3DA-735BBDC98C72}.AppStore|iPhoneSimulator.Deploy.0 = Release|Any CPU
		{606302A9-1515-40A7-A3DA-735BBDC98C72}.AppStore|x64.ActiveCfg = Release|Any CPU
		{606302A9-1515-40A7-A3DA-735BBDC98C72}.AppStore|x64.Build.0 = Release|Any CPU
		{606302A9-1515-40A7-A3DA-735BBDC98C72}.AppStore|x64.Deploy.0 = Release|Any CPU
		{606302A9-1515-40A7-A3DA-735BBDC98C72}.AppStore|x86.ActiveCfg = Release|Any CPU
		{606302A9-1515-40A7-A3DA-735BBDC98C72}.AppStore|x86.Build.0 = Release|Any CPU
		{606302A9-1515-40A7-A3DA-735BBDC98C72}.AppStore|x86.Deploy.0 = Release|Any CPU
		{606302A9-1515-40A7-A3DA-735BBDC98C72}.Debug|Any CPU.ActiveCfg = Debug|Any CPU
		{606302A9-1515-40A7-A3DA-735BBDC98C72}.Debug|Any CPU.Build.0 = Debug|Any CPU
		{606302A9-1515-40A7-A3DA-735BBDC98C72}.Debug|Any CPU.Deploy.0 = Debug|Any CPU
		{606302A9-1515-40A7-A3DA-735BBDC98C72}.Debug|ARM.ActiveCfg = Debug|Any CPU
		{606302A9-1515-40A7-A3DA-735BBDC98C72}.Debug|ARM.Build.0 = Debug|Any CPU
		{606302A9-1515-40A7-A3DA-735BBDC98C72}.Debug|ARM.Deploy.0 = Debug|Any CPU
		{606302A9-1515-40A7-A3DA-735BBDC98C72}.Debug|iPhone.ActiveCfg = Debug|Any CPU
		{606302A9-1515-40A7-A3DA-735BBDC98C72}.Debug|iPhone.Build.0 = Debug|Any CPU
		{606302A9-1515-40A7-A3DA-735BBDC98C72}.Debug|iPhone.Deploy.0 = Debug|Any CPU
		{606302A9-1515-40A7-A3DA-735BBDC98C72}.Debug|iPhoneSimulator.ActiveCfg = Debug|Any CPU
		{606302A9-1515-40A7-A3DA-735BBDC98C72}.Debug|iPhoneSimulator.Build.0 = Debug|Any CPU
		{606302A9-1515-40A7-A3DA-735BBDC98C72}.Debug|iPhoneSimulator.Deploy.0 = Debug|Any CPU
		{606302A9-1515-40A7-A3DA-735BBDC98C72}.Debug|x64.ActiveCfg = Debug|Any CPU
		{606302A9-1515-40A7-A3DA-735BBDC98C72}.Debug|x64.Build.0 = Debug|Any CPU
		{606302A9-1515-40A7-A3DA-735BBDC98C72}.Debug|x64.Deploy.0 = Debug|Any CPU
		{606302A9-1515-40A7-A3DA-735BBDC98C72}.Debug|x86.ActiveCfg = Debug|Any CPU
		{606302A9-1515-40A7-A3DA-735BBDC98C72}.Release|Any CPU.ActiveCfg = Release|Any CPU
		{606302A9-1515-40A7-A3DA-735BBDC98C72}.Release|Any CPU.Build.0 = Release|Any CPU
		{606302A9-1515-40A7-A3DA-735BBDC98C72}.Release|Any CPU.Deploy.0 = Release|Any CPU
		{606302A9-1515-40A7-A3DA-735BBDC98C72}.Release|ARM.ActiveCfg = Release|Any CPU
		{606302A9-1515-40A7-A3DA-735BBDC98C72}.Release|ARM.Build.0 = Release|Any CPU
		{606302A9-1515-40A7-A3DA-735BBDC98C72}.Release|ARM.Deploy.0 = Release|Any CPU
		{606302A9-1515-40A7-A3DA-735BBDC98C72}.Release|iPhone.ActiveCfg = Release|Any CPU
		{606302A9-1515-40A7-A3DA-735BBDC98C72}.Release|iPhone.Build.0 = Release|Any CPU
		{606302A9-1515-40A7-A3DA-735BBDC98C72}.Release|iPhone.Deploy.0 = Release|Any CPU
		{606302A9-1515-40A7-A3DA-735BBDC98C72}.Release|iPhoneSimulator.ActiveCfg = Release|Any CPU
		{606302A9-1515-40A7-A3DA-735BBDC98C72}.Release|iPhoneSimulator.Build.0 = Release|Any CPU
		{606302A9-1515-40A7-A3DA-735BBDC98C72}.Release|iPhoneSimulator.Deploy.0 = Release|Any CPU
		{606302A9-1515-40A7-A3DA-735BBDC98C72}.Release|x64.ActiveCfg = Release|Any CPU
		{606302A9-1515-40A7-A3DA-735BBDC98C72}.Release|x64.Build.0 = Release|Any CPU
		{606302A9-1515-40A7-A3DA-735BBDC98C72}.Release|x64.Deploy.0 = Release|Any CPU
		{606302A9-1515-40A7-A3DA-735BBDC98C72}.Release|x86.ActiveCfg = Release|Any CPU
		{606302A9-1515-40A7-A3DA-735BBDC98C72}.Release|x86.Build.0 = Release|Any CPU
		{606302A9-1515-40A7-A3DA-735BBDC98C72}.Release|x86.Deploy.0 = Release|Any CPU
		{0EF3E52C-E025-40ED-935E-5D14FF643585}.Ad-Hoc|Any CPU.ActiveCfg = Release|Any CPU
		{0EF3E52C-E025-40ED-935E-5D14FF643585}.Ad-Hoc|Any CPU.Build.0 = Release|Any CPU
		{0EF3E52C-E025-40ED-935E-5D14FF643585}.Ad-Hoc|ARM.ActiveCfg = Release|Any CPU
		{0EF3E52C-E025-40ED-935E-5D14FF643585}.Ad-Hoc|ARM.Build.0 = Release|Any CPU
		{0EF3E52C-E025-40ED-935E-5D14FF643585}.Ad-Hoc|iPhone.ActiveCfg = Release|Any CPU
		{0EF3E52C-E025-40ED-935E-5D14FF643585}.Ad-Hoc|iPhone.Build.0 = Release|Any CPU
		{0EF3E52C-E025-40ED-935E-5D14FF643585}.Ad-Hoc|iPhoneSimulator.ActiveCfg = Release|Any CPU
		{0EF3E52C-E025-40ED-935E-5D14FF643585}.Ad-Hoc|iPhoneSimulator.Build.0 = Release|Any CPU
		{0EF3E52C-E025-40ED-935E-5D14FF643585}.Ad-Hoc|x64.ActiveCfg = Release|Any CPU
		{0EF3E52C-E025-40ED-935E-5D14FF643585}.Ad-Hoc|x64.Build.0 = Release|Any CPU
		{0EF3E52C-E025-40ED-935E-5D14FF643585}.Ad-Hoc|x86.ActiveCfg = Release|Any CPU
		{0EF3E52C-E025-40ED-935E-5D14FF643585}.Ad-Hoc|x86.Build.0 = Release|Any CPU
		{0EF3E52C-E025-40ED-935E-5D14FF643585}.AppStore|Any CPU.ActiveCfg = Release|Any CPU
		{0EF3E52C-E025-40ED-935E-5D14FF643585}.AppStore|Any CPU.Build.0 = Release|Any CPU
		{0EF3E52C-E025-40ED-935E-5D14FF643585}.AppStore|ARM.ActiveCfg = Release|Any CPU
		{0EF3E52C-E025-40ED-935E-5D14FF643585}.AppStore|ARM.Build.0 = Release|Any CPU
		{0EF3E52C-E025-40ED-935E-5D14FF643585}.AppStore|iPhone.ActiveCfg = Release|Any CPU
		{0EF3E52C-E025-40ED-935E-5D14FF643585}.AppStore|iPhone.Build.0 = Release|Any CPU
		{0EF3E52C-E025-40ED-935E-5D14FF643585}.AppStore|iPhoneSimulator.ActiveCfg = Release|Any CPU
		{0EF3E52C-E025-40ED-935E-5D14FF643585}.AppStore|iPhoneSimulator.Build.0 = Release|Any CPU
		{0EF3E52C-E025-40ED-935E-5D14FF643585}.AppStore|x64.ActiveCfg = Release|Any CPU
		{0EF3E52C-E025-40ED-935E-5D14FF643585}.AppStore|x64.Build.0 = Release|Any CPU
		{0EF3E52C-E025-40ED-935E-5D14FF643585}.AppStore|x86.ActiveCfg = Release|Any CPU
		{0EF3E52C-E025-40ED-935E-5D14FF643585}.AppStore|x86.Build.0 = Release|Any CPU
		{0EF3E52C-E025-40ED-935E-5D14FF643585}.Debug|Any CPU.ActiveCfg = Debug|Any CPU
		{0EF3E52C-E025-40ED-935E-5D14FF643585}.Debug|Any CPU.Build.0 = Debug|Any CPU
		{0EF3E52C-E025-40ED-935E-5D14FF643585}.Debug|ARM.ActiveCfg = Debug|Any CPU
		{0EF3E52C-E025-40ED-935E-5D14FF643585}.Debug|ARM.Build.0 = Debug|Any CPU
		{0EF3E52C-E025-40ED-935E-5D14FF643585}.Debug|iPhone.ActiveCfg = Debug|Any CPU
		{0EF3E52C-E025-40ED-935E-5D14FF643585}.Debug|iPhone.Build.0 = Debug|Any CPU
		{0EF3E52C-E025-40ED-935E-5D14FF643585}.Debug|iPhoneSimulator.ActiveCfg = Debug|Any CPU
		{0EF3E52C-E025-40ED-935E-5D14FF643585}.Debug|iPhoneSimulator.Build.0 = Debug|Any CPU
		{0EF3E52C-E025-40ED-935E-5D14FF643585}.Debug|x64.ActiveCfg = Debug|Any CPU
		{0EF3E52C-E025-40ED-935E-5D14FF643585}.Debug|x64.Build.0 = Debug|Any CPU
		{0EF3E52C-E025-40ED-935E-5D14FF643585}.Debug|x86.ActiveCfg = Debug|Any CPU
		{0EF3E52C-E025-40ED-935E-5D14FF643585}.Debug|x86.Build.0 = Debug|Any CPU
		{0EF3E52C-E025-40ED-935E-5D14FF643585}.Release|Any CPU.ActiveCfg = Release|Any CPU
		{0EF3E52C-E025-40ED-935E-5D14FF643585}.Release|Any CPU.Build.0 = Release|Any CPU
		{0EF3E52C-E025-40ED-935E-5D14FF643585}.Release|ARM.ActiveCfg = Release|Any CPU
		{0EF3E52C-E025-40ED-935E-5D14FF643585}.Release|ARM.Build.0 = Release|Any CPU
		{0EF3E52C-E025-40ED-935E-5D14FF643585}.Release|iPhone.ActiveCfg = Release|Any CPU
		{0EF3E52C-E025-40ED-935E-5D14FF643585}.Release|iPhone.Build.0 = Release|Any CPU
		{0EF3E52C-E025-40ED-935E-5D14FF643585}.Release|iPhoneSimulator.ActiveCfg = Release|Any CPU
		{0EF3E52C-E025-40ED-935E-5D14FF643585}.Release|iPhoneSimulator.Build.0 = Release|Any CPU
		{0EF3E52C-E025-40ED-935E-5D14FF643585}.Release|x64.ActiveCfg = Release|Any CPU
		{0EF3E52C-E025-40ED-935E-5D14FF643585}.Release|x64.Build.0 = Release|Any CPU
		{0EF3E52C-E025-40ED-935E-5D14FF643585}.Release|x86.ActiveCfg = Release|Any CPU
		{0EF3E52C-E025-40ED-935E-5D14FF643585}.Release|x86.Build.0 = Release|Any CPU
		{CED7B4CB-81C7-4F82-9ADA-3E5C86A9D407}.Ad-Hoc|Any CPU.ActiveCfg = Release|x86
		{CED7B4CB-81C7-4F82-9ADA-3E5C86A9D407}.Ad-Hoc|Any CPU.Build.0 = Release|x86
		{CED7B4CB-81C7-4F82-9ADA-3E5C86A9D407}.Ad-Hoc|Any CPU.Deploy.0 = Release|x86
		{CED7B4CB-81C7-4F82-9ADA-3E5C86A9D407}.Ad-Hoc|ARM.ActiveCfg = Release|ARM
		{CED7B4CB-81C7-4F82-9ADA-3E5C86A9D407}.Ad-Hoc|ARM.Build.0 = Release|ARM
		{CED7B4CB-81C7-4F82-9ADA-3E5C86A9D407}.Ad-Hoc|ARM.Deploy.0 = Release|ARM
		{CED7B4CB-81C7-4F82-9ADA-3E5C86A9D407}.Ad-Hoc|iPhone.ActiveCfg = Release|x86
		{CED7B4CB-81C7-4F82-9ADA-3E5C86A9D407}.Ad-Hoc|iPhone.Build.0 = Release|x86
		{CED7B4CB-81C7-4F82-9ADA-3E5C86A9D407}.Ad-Hoc|iPhone.Deploy.0 = Release|x86
		{CED7B4CB-81C7-4F82-9ADA-3E5C86A9D407}.Ad-Hoc|iPhoneSimulator.ActiveCfg = Release|x86
		{CED7B4CB-81C7-4F82-9ADA-3E5C86A9D407}.Ad-Hoc|iPhoneSimulator.Build.0 = Release|x86
		{CED7B4CB-81C7-4F82-9ADA-3E5C86A9D407}.Ad-Hoc|iPhoneSimulator.Deploy.0 = Release|x86
		{CED7B4CB-81C7-4F82-9ADA-3E5C86A9D407}.Ad-Hoc|x64.ActiveCfg = Release|x64
		{CED7B4CB-81C7-4F82-9ADA-3E5C86A9D407}.Ad-Hoc|x64.Build.0 = Release|x64
		{CED7B4CB-81C7-4F82-9ADA-3E5C86A9D407}.Ad-Hoc|x64.Deploy.0 = Release|x64
		{CED7B4CB-81C7-4F82-9ADA-3E5C86A9D407}.Ad-Hoc|x86.ActiveCfg = Release|x86
		{CED7B4CB-81C7-4F82-9ADA-3E5C86A9D407}.Ad-Hoc|x86.Build.0 = Release|x86
		{CED7B4CB-81C7-4F82-9ADA-3E5C86A9D407}.Ad-Hoc|x86.Deploy.0 = Release|x86
		{CED7B4CB-81C7-4F82-9ADA-3E5C86A9D407}.AppStore|Any CPU.ActiveCfg = Release|x86
		{CED7B4CB-81C7-4F82-9ADA-3E5C86A9D407}.AppStore|Any CPU.Build.0 = Release|x86
		{CED7B4CB-81C7-4F82-9ADA-3E5C86A9D407}.AppStore|Any CPU.Deploy.0 = Release|x86
		{CED7B4CB-81C7-4F82-9ADA-3E5C86A9D407}.AppStore|ARM.ActiveCfg = Release|ARM
		{CED7B4CB-81C7-4F82-9ADA-3E5C86A9D407}.AppStore|ARM.Build.0 = Release|ARM
		{CED7B4CB-81C7-4F82-9ADA-3E5C86A9D407}.AppStore|ARM.Deploy.0 = Release|ARM
		{CED7B4CB-81C7-4F82-9ADA-3E5C86A9D407}.AppStore|iPhone.ActiveCfg = Release|x86
		{CED7B4CB-81C7-4F82-9ADA-3E5C86A9D407}.AppStore|iPhone.Build.0 = Release|x86
		{CED7B4CB-81C7-4F82-9ADA-3E5C86A9D407}.AppStore|iPhone.Deploy.0 = Release|x86
		{CED7B4CB-81C7-4F82-9ADA-3E5C86A9D407}.AppStore|iPhoneSimulator.ActiveCfg = Release|x86
		{CED7B4CB-81C7-4F82-9ADA-3E5C86A9D407}.AppStore|iPhoneSimulator.Build.0 = Release|x86
		{CED7B4CB-81C7-4F82-9ADA-3E5C86A9D407}.AppStore|iPhoneSimulator.Deploy.0 = Release|x86
		{CED7B4CB-81C7-4F82-9ADA-3E5C86A9D407}.AppStore|x64.ActiveCfg = Release|x64
		{CED7B4CB-81C7-4F82-9ADA-3E5C86A9D407}.AppStore|x64.Build.0 = Release|x64
		{CED7B4CB-81C7-4F82-9ADA-3E5C86A9D407}.AppStore|x64.Deploy.0 = Release|x64
		{CED7B4CB-81C7-4F82-9ADA-3E5C86A9D407}.AppStore|x86.ActiveCfg = Release|x86
		{CED7B4CB-81C7-4F82-9ADA-3E5C86A9D407}.AppStore|x86.Build.0 = Release|x86
		{CED7B4CB-81C7-4F82-9ADA-3E5C86A9D407}.AppStore|x86.Deploy.0 = Release|x86
		{CED7B4CB-81C7-4F82-9ADA-3E5C86A9D407}.Debug|Any CPU.ActiveCfg = Debug|x86
		{CED7B4CB-81C7-4F82-9ADA-3E5C86A9D407}.Debug|ARM.ActiveCfg = Debug|ARM
		{CED7B4CB-81C7-4F82-9ADA-3E5C86A9D407}.Debug|ARM.Build.0 = Debug|ARM
		{CED7B4CB-81C7-4F82-9ADA-3E5C86A9D407}.Debug|ARM.Deploy.0 = Debug|ARM
		{CED7B4CB-81C7-4F82-9ADA-3E5C86A9D407}.Debug|iPhone.ActiveCfg = Debug|x86
		{CED7B4CB-81C7-4F82-9ADA-3E5C86A9D407}.Debug|iPhoneSimulator.ActiveCfg = Debug|x86
		{CED7B4CB-81C7-4F82-9ADA-3E5C86A9D407}.Debug|x64.ActiveCfg = Debug|x64
		{CED7B4CB-81C7-4F82-9ADA-3E5C86A9D407}.Debug|x64.Build.0 = Debug|x64
		{CED7B4CB-81C7-4F82-9ADA-3E5C86A9D407}.Debug|x64.Deploy.0 = Debug|x64
		{CED7B4CB-81C7-4F82-9ADA-3E5C86A9D407}.Debug|x86.ActiveCfg = Debug|x86
		{CED7B4CB-81C7-4F82-9ADA-3E5C86A9D407}.Debug|x86.Build.0 = Debug|x86
		{CED7B4CB-81C7-4F82-9ADA-3E5C86A9D407}.Debug|x86.Deploy.0 = Debug|x86
		{CED7B4CB-81C7-4F82-9ADA-3E5C86A9D407}.Release|Any CPU.ActiveCfg = Release|x86
		{CED7B4CB-81C7-4F82-9ADA-3E5C86A9D407}.Release|ARM.ActiveCfg = Release|ARM
		{CED7B4CB-81C7-4F82-9ADA-3E5C86A9D407}.Release|ARM.Build.0 = Release|ARM
		{CED7B4CB-81C7-4F82-9ADA-3E5C86A9D407}.Release|ARM.Deploy.0 = Release|ARM
		{CED7B4CB-81C7-4F82-9ADA-3E5C86A9D407}.Release|iPhone.ActiveCfg = Release|x86
		{CED7B4CB-81C7-4F82-9ADA-3E5C86A9D407}.Release|iPhoneSimulator.ActiveCfg = Release|x86
		{CED7B4CB-81C7-4F82-9ADA-3E5C86A9D407}.Release|x64.ActiveCfg = Release|x64
		{CED7B4CB-81C7-4F82-9ADA-3E5C86A9D407}.Release|x64.Build.0 = Release|x64
		{CED7B4CB-81C7-4F82-9ADA-3E5C86A9D407}.Release|x64.Deploy.0 = Release|x64
		{CED7B4CB-81C7-4F82-9ADA-3E5C86A9D407}.Release|x86.ActiveCfg = Release|x86
		{CED7B4CB-81C7-4F82-9ADA-3E5C86A9D407}.Release|x86.Build.0 = Release|x86
		{CED7B4CB-81C7-4F82-9ADA-3E5C86A9D407}.Release|x86.Deploy.0 = Release|x86
		{47204B52-BFA3-4324-80E8-025D3F897CDC}.Ad-Hoc|Any CPU.ActiveCfg = Ad-Hoc|iPhone
		{47204B52-BFA3-4324-80E8-025D3F897CDC}.Ad-Hoc|ARM.ActiveCfg = Ad-Hoc|iPhone
		{47204B52-BFA3-4324-80E8-025D3F897CDC}.Ad-Hoc|iPhone.ActiveCfg = Ad-Hoc|iPhone
		{47204B52-BFA3-4324-80E8-025D3F897CDC}.Ad-Hoc|iPhone.Build.0 = Ad-Hoc|iPhone
		{47204B52-BFA3-4324-80E8-025D3F897CDC}.Ad-Hoc|iPhoneSimulator.ActiveCfg = Ad-Hoc|iPhoneSimulator
		{47204B52-BFA3-4324-80E8-025D3F897CDC}.Ad-Hoc|iPhoneSimulator.Build.0 = Ad-Hoc|iPhoneSimulator
		{47204B52-BFA3-4324-80E8-025D3F897CDC}.Ad-Hoc|x64.ActiveCfg = Ad-Hoc|iPhone
		{47204B52-BFA3-4324-80E8-025D3F897CDC}.Ad-Hoc|x86.ActiveCfg = Ad-Hoc|iPhone
		{47204B52-BFA3-4324-80E8-025D3F897CDC}.AppStore|Any CPU.ActiveCfg = AppStore|iPhone
		{47204B52-BFA3-4324-80E8-025D3F897CDC}.AppStore|ARM.ActiveCfg = AppStore|iPhone
		{47204B52-BFA3-4324-80E8-025D3F897CDC}.AppStore|iPhone.ActiveCfg = AppStore|iPhone
		{47204B52-BFA3-4324-80E8-025D3F897CDC}.AppStore|iPhone.Build.0 = AppStore|iPhone
		{47204B52-BFA3-4324-80E8-025D3F897CDC}.AppStore|iPhoneSimulator.ActiveCfg = AppStore|iPhoneSimulator
		{47204B52-BFA3-4324-80E8-025D3F897CDC}.AppStore|iPhoneSimulator.Build.0 = AppStore|iPhoneSimulator
		{47204B52-BFA3-4324-80E8-025D3F897CDC}.AppStore|x64.ActiveCfg = AppStore|iPhone
		{47204B52-BFA3-4324-80E8-025D3F897CDC}.AppStore|x86.ActiveCfg = AppStore|iPhone
		{47204B52-BFA3-4324-80E8-025D3F897CDC}.Debug|Any CPU.ActiveCfg = Debug|iPhone
		{47204B52-BFA3-4324-80E8-025D3F897CDC}.Debug|ARM.ActiveCfg = Debug|iPhone
		{47204B52-BFA3-4324-80E8-025D3F897CDC}.Debug|iPhone.ActiveCfg = Debug|iPhone
		{47204B52-BFA3-4324-80E8-025D3F897CDC}.Debug|iPhone.Build.0 = Debug|iPhone
		{47204B52-BFA3-4324-80E8-025D3F897CDC}.Debug|iPhoneSimulator.ActiveCfg = Debug|iPhoneSimulator
		{47204B52-BFA3-4324-80E8-025D3F897CDC}.Debug|iPhoneSimulator.Build.0 = Debug|iPhoneSimulator
		{47204B52-BFA3-4324-80E8-025D3F897CDC}.Debug|x64.ActiveCfg = Debug|iPhone
		{47204B52-BFA3-4324-80E8-025D3F897CDC}.Debug|x86.ActiveCfg = Debug|iPhone
		{47204B52-BFA3-4324-80E8-025D3F897CDC}.Release|Any CPU.ActiveCfg = Release|iPhone
		{47204B52-BFA3-4324-80E8-025D3F897CDC}.Release|ARM.ActiveCfg = Release|iPhone
		{47204B52-BFA3-4324-80E8-025D3F897CDC}.Release|iPhone.ActiveCfg = Release|iPhone
		{47204B52-BFA3-4324-80E8-025D3F897CDC}.Release|iPhone.Build.0 = Release|iPhone
		{47204B52-BFA3-4324-80E8-025D3F897CDC}.Release|iPhoneSimulator.ActiveCfg = Release|iPhoneSimulator
		{47204B52-BFA3-4324-80E8-025D3F897CDC}.Release|iPhoneSimulator.Build.0 = Release|iPhoneSimulator
		{47204B52-BFA3-4324-80E8-025D3F897CDC}.Release|x64.ActiveCfg = Release|iPhone
		{47204B52-BFA3-4324-80E8-025D3F897CDC}.Release|x86.ActiveCfg = Release|iPhone
	EndGlobalSection
	GlobalSection(SolutionProperties) = preSolution
		HideSolutionNode = FALSE
	EndGlobalSection
	GlobalSection(ExtensibilityGlobals) = postSolution
		SolutionGuid = {32184377-CAB9-438A-8531-5832342CF3F0}
	EndGlobalSection
EndGlobal
